// !$*UTF8*$!
{
	archiveVersion = 1;
	classes = {
	};
	objectVersion = 46;
	objects = {

/* Begin PBXBuildFile section */
		D41A9D701F90DF99003F075B /* BasicsViewController.swift in Sources */ = {isa = PBXBuildFile; fileRef = D41A9D6B1F90DD92003F075B /* BasicsViewController.swift */; };
		D41A9D711F90DF9C003F075B /* AddProductProtocoll.swift in Sources */ = {isa = PBXBuildFile; fileRef = D41A9D6A1F90DD92003F075B /* AddProductProtocoll.swift */; };
		D41A9D731F90E0A7003F075B /* LoadingAnimationProtocol.swift in Sources */ = {isa = PBXBuildFile; fileRef = D41A9D721F90E0A7003F075B /* LoadingAnimationProtocol.swift */; };
		D41A9D751F90E0BF003F075B /* GenderCategoriesSizes.swift in Sources */ = {isa = PBXBuildFile; fileRef = D41A9D741F90E0BF003F075B /* GenderCategoriesSizes.swift */; };
		D41A9D771F90E0C7003F075B /* Tinpon.swift in Sources */ = {isa = PBXBuildFile; fileRef = D41A9D761F90E0C7003F075B /* Tinpon.swift */; };
		D41A9D821F90E2EF003F075B /* Color.swift in Sources */ = {isa = PBXBuildFile; fileRef = D41A9D811F90E2EF003F075B /* Color.swift */; };
		D41A9EC01F90E700003F075B /* CategoryCell.swift in Sources */ = {isa = PBXBuildFile; fileRef = D41A9EBD1F90E6F1003F075B /* CategoryCell.swift */; };
		D41A9EC11F90E700003F075B /* CategorySectionController.swift in Sources */ = {isa = PBXBuildFile; fileRef = D41A9EBE1F90E6F1003F075B /* CategorySectionController.swift */; };
		D41A9EC21F90E700003F075B /* SelectCategoryViewController.swift in Sources */ = {isa = PBXBuildFile; fileRef = D41A9EBC1F90E6F1003F075B /* SelectCategoryViewController.swift */; };
		D41A9EC31F90E79F003F075B /* SelectProductCategoryViewController.swift in Sources */ = {isa = PBXBuildFile; fileRef = D41A9D6E1F90DD92003F075B /* SelectProductCategoryViewController.swift */; };
		D41A9EC41F90E7AA003F075B /* SizesViewController.swift in Sources */ = {isa = PBXBuildFile; fileRef = D41A9D6C1F90DD92003F075B /* SizesViewController.swift */; };
		D41A9EC51F90E7B0003F075B /* ColorsViewController.swift in Sources */ = {isa = PBXBuildFile; fileRef = D41A9D6F1F90DD92003F075B /* ColorsViewController.swift */; };
		D41A9EC61F90E7B2003F075B /* QuantitiesViewController.swift in Sources */ = {isa = PBXBuildFile; fileRef = D41A9D6D1F90DD92003F075B /* QuantitiesViewController.swift */; };
		D41A9EC81F90E7F5003F075B /* FontAndColors.swift in Sources */ = {isa = PBXBuildFile; fileRef = D41A9EC71F90E7F5003F075B /* FontAndColors.swift */; };
		D41A9ECA1F90E85F003F075B /* Errors.swift in Sources */ = {isa = PBXBuildFile; fileRef = D41A9EC91F90E85F003F075B /* Errors.swift */; };
		D41A9EDA1F90EEA1003F075B /* AWSCognito.framework in Frameworks */ = {isa = PBXBuildFile; fileRef = D41A9ED51F90EE96003F075B /* AWSCognito.framework */; };
		D41A9EDB1F90EEA1003F075B /* AWSCognito.framework in Embed Frameworks */ = {isa = PBXBuildFile; fileRef = D41A9ED51F90EE96003F075B /* AWSCognito.framework */; settings = {ATTRIBUTES = (CodeSignOnCopy, RemoveHeadersOnCopy, ); }; };
		D41A9EDC1F90EEA1003F075B /* AWSCore.framework in Frameworks */ = {isa = PBXBuildFile; fileRef = D41A9ED21F90EE96003F075B /* AWSCore.framework */; };
		D41A9EDD1F90EEA1003F075B /* AWSCore.framework in Embed Frameworks */ = {isa = PBXBuildFile; fileRef = D41A9ED21F90EE96003F075B /* AWSCore.framework */; settings = {ATTRIBUTES = (CodeSignOnCopy, RemoveHeadersOnCopy, ); }; };
		D41A9EDE1F90EEA1003F075B /* Eureka.framework in Frameworks */ = {isa = PBXBuildFile; fileRef = D41A9ED81F90EE96003F075B /* Eureka.framework */; };
		D41A9EDF1F90EEA1003F075B /* Eureka.framework in Embed Frameworks */ = {isa = PBXBuildFile; fileRef = D41A9ED81F90EE96003F075B /* Eureka.framework */; settings = {ATTRIBUTES = (CodeSignOnCopy, RemoveHeadersOnCopy, ); }; };
		D41A9EE01F90EEA1003F075B /* IGListKit.framework in Frameworks */ = {isa = PBXBuildFile; fileRef = D41A9ED61F90EE96003F075B /* IGListKit.framework */; };
		D41A9EE11F90EEA1003F075B /* IGListKit.framework in Embed Frameworks */ = {isa = PBXBuildFile; fileRef = D41A9ED61F90EE96003F075B /* IGListKit.framework */; settings = {ATTRIBUTES = (CodeSignOnCopy, RemoveHeadersOnCopy, ); }; };
		D41A9EE21F90EEA1003F075B /* ImageRow.framework in Frameworks */ = {isa = PBXBuildFile; fileRef = D41A9ED41F90EE96003F075B /* ImageRow.framework */; };
		D41A9EE31F90EEA1003F075B /* ImageRow.framework in Embed Frameworks */ = {isa = PBXBuildFile; fileRef = D41A9ED41F90EE96003F075B /* ImageRow.framework */; settings = {ATTRIBUTES = (CodeSignOnCopy, RemoveHeadersOnCopy, ); }; };
		D41A9EE41F90EEA1003F075B /* PromiseKit.framework in Frameworks */ = {isa = PBXBuildFile; fileRef = D41A9ED31F90EE96003F075B /* PromiseKit.framework */; };
		D41A9EE51F90EEA1003F075B /* PromiseKit.framework in Embed Frameworks */ = {isa = PBXBuildFile; fileRef = D41A9ED31F90EE96003F075B /* PromiseKit.framework */; settings = {ATTRIBUTES = (CodeSignOnCopy, RemoveHeadersOnCopy, ); }; };
		D41A9EE61F90EEA1003F075B /* TOCropViewController.framework in Frameworks */ = {isa = PBXBuildFile; fileRef = D41A9ED91F90EE97003F075B /* TOCropViewController.framework */; };
		D41A9EE71F90EEA1003F075B /* TOCropViewController.framework in Embed Frameworks */ = {isa = PBXBuildFile; fileRef = D41A9ED91F90EE97003F075B /* TOCropViewController.framework */; settings = {ATTRIBUTES = (CodeSignOnCopy, RemoveHeadersOnCopy, ); }; };
		D41A9EE81F90EEA1003F075B /* Whisper.framework in Frameworks */ = {isa = PBXBuildFile; fileRef = D41A9ED71F90EE96003F075B /* Whisper.framework */; };
		D41A9EE91F90EEA1003F075B /* Whisper.framework in Embed Frameworks */ = {isa = PBXBuildFile; fileRef = D41A9ED71F90EE96003F075B /* Whisper.framework */; settings = {ATTRIBUTES = (CodeSignOnCopy, RemoveHeadersOnCopy, ); }; };
		D41A9EEB1F90EEC9003F075B /* AWSAPIGateway.framework in Frameworks */ = {isa = PBXBuildFile; fileRef = D41A9EEA1F90EEC4003F075B /* AWSAPIGateway.framework */; };
		D41A9EEC1F90EEC9003F075B /* AWSAPIGateway.framework in Embed Frameworks */ = {isa = PBXBuildFile; fileRef = D41A9EEA1F90EEC4003F075B /* AWSAPIGateway.framework */; settings = {ATTRIBUTES = (CodeSignOnCopy, RemoveHeadersOnCopy, ); }; };
		D41A9EEE1F90EF0D003F075B /* AWSCognitoIdentityProvider.framework in Frameworks */ = {isa = PBXBuildFile; fileRef = D41A9EED1F90EF0A003F075B /* AWSCognitoIdentityProvider.framework */; };
		D41A9EEF1F90EF0D003F075B /* AWSCognitoIdentityProvider.framework in Embed Frameworks */ = {isa = PBXBuildFile; fileRef = D41A9EED1F90EF0A003F075B /* AWSCognitoIdentityProvider.framework */; settings = {ATTRIBUTES = (CodeSignOnCopy, RemoveHeadersOnCopy, ); }; };
		D42791D61F9DEFE3000C58AC /* IGListKit.framework in Frameworks */ = {isa = PBXBuildFile; fileRef = D42791D51F9DEFE3000C58AC /* IGListKit.framework */; };
		D42791D71F9DEFE8000C58AC /* IGListKit.framework in Frameworks */ = {isa = PBXBuildFile; fileRef = D42791D51F9DEFE3000C58AC /* IGListKit.framework */; };
		D42791D81F9DEFE8000C58AC /* IGListKit.framework in Embed Frameworks */ = {isa = PBXBuildFile; fileRef = D42791D51F9DEFE3000C58AC /* IGListKit.framework */; settings = {ATTRIBUTES = (CodeSignOnCopy, RemoveHeadersOnCopy, ); }; };
		D42791DA1F9DF124000C58AC /* SearchSectionController.swift in Sources */ = {isa = PBXBuildFile; fileRef = D42791D91F9DF124000C58AC /* SearchSectionController.swift */; };
		D42791DC1F9DF16B000C58AC /* SearchCell.swift in Sources */ = {isa = PBXBuildFile; fileRef = D42791DB1F9DF16B000C58AC /* SearchCell.swift */; };
		D42791DE1F9DF188000C58AC /* ProductSectionController.swift in Sources */ = {isa = PBXBuildFile; fileRef = D42791DD1F9DF188000C58AC /* ProductSectionController.swift */; };
		D42791E21F9DF6B5000C58AC /* ProductCell.xib in Resources */ = {isa = PBXBuildFile; fileRef = D42791E11F9DF6B5000C58AC /* ProductCell.xib */; };
		D42791E41F9DF8F1000C58AC /* ProductCell.swift in Sources */ = {isa = PBXBuildFile; fileRef = D42791E31F9DF8F1000C58AC /* ProductCell.swift */; };
		D43B8CB71F95FBA0002F67A1 /* Images.xcassets in Resources */ = {isa = PBXBuildFile; fileRef = D43B8CB61F95FBA0002F67A1 /* Images.xcassets */; };
		D45BE00B1F9362E3000AD3B5 /* APIRequestSchema.swift in Sources */ = {isa = PBXBuildFile; fileRef = D45BE0061F9362DD000AD3B5 /* APIRequestSchema.swift */; };
		D45BE00C1F9362E3000AD3B5 /* APIResponseSchema.swift in Sources */ = {isa = PBXBuildFile; fileRef = D45BE0071F9362DD000AD3B5 /* APIResponseSchema.swift */; };
		D45BE00D1F9362E3000AD3B5 /* APIWeGoLocoClient.swift in Sources */ = {isa = PBXBuildFile; fileRef = D45BE0081F9362DD000AD3B5 /* APIWeGoLocoClient.swift */; };
		D45BE00F1F93670A000AD3B5 /* API.swift in Sources */ = {isa = PBXBuildFile; fileRef = D45BE00E1F93670A000AD3B5 /* API.swift */; };
		D4675BB41F8BDB2600784AA4 /* ProfilViewController.swift in Sources */ = {isa = PBXBuildFile; fileRef = D4675BB31F8BDB2600784AA4 /* ProfilViewController.swift */; };
		D474F5C81F94F91000B83D0D /* Enum.swift in Sources */ = {isa = PBXBuildFile; fileRef = D474F5C71F94F91000B83D0D /* Enum.swift */; };
		D48ABBA31F90F52D002F5983 /* SHCollectionViewCell.swift in Sources */ = {isa = PBXBuildFile; fileRef = D48ABBA21F90F4FF002F5983 /* SHCollectionViewCell.swift */; };
		D48ABBA41F90F52D002F5983 /* SHCollectionViewCell.xib in Resources */ = {isa = PBXBuildFile; fileRef = D48ABBA01F90F4FE002F5983 /* SHCollectionViewCell.xib */; };
		D48ABBA51F90F52D002F5983 /* SHViewController.swift in Sources */ = {isa = PBXBuildFile; fileRef = D48ABBA11F90F4FF002F5983 /* SHViewController.swift */; };
		D48ABBA61F90F52D002F5983 /* SHViewController.xib in Resources */ = {isa = PBXBuildFile; fileRef = D48ABB9F1F90F4FE002F5983 /* SHViewController.xib */; };
		D48ABBA71F90F530002F5983 /* Media.xcassets in Resources */ = {isa = PBXBuildFile; fileRef = D48ABB9E1F90F4FE002F5983 /* Media.xcassets */; };
		D48ABBA81F90F82F002F5983 /* Info.plist in Resources */ = {isa = PBXBuildFile; fileRef = D4B95CB71F8AA7ED005F5DCA /* Info.plist */; };
		D48ABBBF1F90FCB2002F5983 /* Jameson SS Round.otf in Resources */ = {isa = PBXBuildFile; fileRef = D48ABBB11F90FB44002F5983 /* Jameson SS Round.otf */; };
		D49A5C051F9096F1003A824E /* FederatedIdentities.swift in Sources */ = {isa = PBXBuildFile; fileRef = D49A5C041F9096F1003A824E /* FederatedIdentities.swift */; };
		D49A5C0B1F909C83003A824E /* ManagerViewController.swift in Sources */ = {isa = PBXBuildFile; fileRef = D49A5C0A1F909C83003A824E /* ManagerViewController.swift */; };
		D49A5C0D1F909CDC003A824E /* TabBarController.swift in Sources */ = {isa = PBXBuildFile; fileRef = D49A5C0C1F909CDC003A824E /* TabBarController.swift */; };
		D49A5C0F1F909DED003A824E /* UserPool.swift in Sources */ = {isa = PBXBuildFile; fileRef = D49A5C0E1F909DED003A824E /* UserPool.swift */; };
		D49A5C121F90B8DB003A824E /* User.swift in Sources */ = {isa = PBXBuildFile; fileRef = D49A5C111F90B8DB003A824E /* User.swift */; };
		D4B95CAC1F8AA7ED005F5DCA /* AppDelegate.swift in Sources */ = {isa = PBXBuildFile; fileRef = D4B95CAB1F8AA7ED005F5DCA /* AppDelegate.swift */; };
		D4B95CAE1F8AA7ED005F5DCA /* SignInViewController.swift in Sources */ = {isa = PBXBuildFile; fileRef = D4B95CAD1F8AA7ED005F5DCA /* SignInViewController.swift */; };
		D4B95CB11F8AA7ED005F5DCA /* Main.storyboard in Resources */ = {isa = PBXBuildFile; fileRef = D4B95CAF1F8AA7ED005F5DCA /* Main.storyboard */; };
		D4B95CB61F8AA7ED005F5DCA /* LaunchScreen.storyboard in Resources */ = {isa = PBXBuildFile; fileRef = D4B95CB41F8AA7ED005F5DCA /* LaunchScreen.storyboard */; };
		D4CB2C611F8E637D0095BF1F /* SignUpViewController.swift in Sources */ = {isa = PBXBuildFile; fileRef = D4CB2C601F8E637D0095BF1F /* SignUpViewController.swift */; };
		D4CBA4511F97816A002A4365 /* Koloda.framework in Frameworks */ = {isa = PBXBuildFile; fileRef = D4CBA4501F978166002A4365 /* Koloda.framework */; };
		D4CBA4521F97816A002A4365 /* Koloda.framework in Embed Frameworks */ = {isa = PBXBuildFile; fileRef = D4CBA4501F978166002A4365 /* Koloda.framework */; settings = {ATTRIBUTES = (CodeSignOnCopy, RemoveHeadersOnCopy, ); }; };
		D4CBA4541F9783AE002A4365 /* pop.framework in Frameworks */ = {isa = PBXBuildFile; fileRef = D4CBA4531F9783A8002A4365 /* pop.framework */; };
		D4CBA4551F9783AE002A4365 /* pop.framework in Embed Frameworks */ = {isa = PBXBuildFile; fileRef = D4CBA4531F9783A8002A4365 /* pop.framework */; settings = {ATTRIBUTES = (CodeSignOnCopy, RemoveHeadersOnCopy, ); }; };
		D4CBA4561F9783F8002A4365 /* SwiperViewController.swift in Sources */ = {isa = PBXBuildFile; fileRef = D4CBA44F1F97806C002A4365 /* SwiperViewController.swift */; };
		D4CBA4571F9783FA002A4365 /* BackgroundKolodaAnimator.swift in Sources */ = {isa = PBXBuildFile; fileRef = D4CBA44B1F97806B002A4365 /* BackgroundKolodaAnimator.swift */; };
		D4CBA4581F9783FC002A4365 /* CustomKolodaView.swift in Sources */ = {isa = PBXBuildFile; fileRef = D4CBA44C1F97806C002A4365 /* CustomKolodaView.swift */; };
		D4CBA4591F9783FF002A4365 /* CustomOverlayView.swift in Sources */ = {isa = PBXBuildFile; fileRef = D4CBA44D1F97806C002A4365 /* CustomOverlayView.swift */; };
		D4CBA45A1F978405002A4365 /* CustomOverlayView.xib in Resources */ = {isa = PBXBuildFile; fileRef = D4CBA44E1F97806C002A4365 /* CustomOverlayView.xib */; };
		D4ECAEE41FA24E47002E581D /* ForgotPasswordEnterEmailViewController.swift in Sources */ = {isa = PBXBuildFile; fileRef = D4ECAEE31FA24E47002E581D /* ForgotPasswordEnterEmailViewController.swift */; };
		D4ECAEE61FA24E6F002E581D /* ForgotPasswordPasswordConfirmationViewController.swift in Sources */ = {isa = PBXBuildFile; fileRef = D4ECAEE51FA24E6F002E581D /* ForgotPasswordPasswordConfirmationViewController.swift */; };
		D4ECAEE81FA27FD9002E581D /* AuthenticationProtocoll.swift in Sources */ = {isa = PBXBuildFile; fileRef = D4ECAEE71FA27FD9002E581D /* AuthenticationProtocoll.swift */; };
		D4F803A61F8E793700E13FFC /* Iso8601Date.swift in Sources */ = {isa = PBXBuildFile; fileRef = D4F803A51F8E793700E13FFC /* Iso8601Date.swift */; };
		D4F803A81F8E7D8600E13FFC /* EmailConfirmationViewController.swift in Sources */ = {isa = PBXBuildFile; fileRef = D4F803A71F8E7D8600E13FFC /* EmailConfirmationViewController.swift */; };
		D4F9D9A91F95FCF6003E9BEC /* AWSS3.framework in Frameworks */ = {isa = PBXBuildFile; fileRef = D4F9D9A81F95FCF3003E9BEC /* AWSS3.framework */; };
		D4F9D9AA1F95FCF6003E9BEC /* AWSS3.framework in Embed Frameworks */ = {isa = PBXBuildFile; fileRef = D4F9D9A81F95FCF3003E9BEC /* AWSS3.framework */; settings = {ATTRIBUTES = (CodeSignOnCopy, RemoveHeadersOnCopy, ); }; };
/* End PBXBuildFile section */

/* Begin PBXCopyFilesBuildPhase section */
		D4B95CDC1F8AA8C5005F5DCA /* Embed Frameworks */ = {
			isa = PBXCopyFilesBuildPhase;
			buildActionMask = 2147483647;
			dstPath = "";
			dstSubfolderSpec = 10;
			files = (
				D41A9EDF1F90EEA1003F075B /* Eureka.framework in Embed Frameworks */,
				D41A9EE71F90EEA1003F075B /* TOCropViewController.framework in Embed Frameworks */,
				D41A9EDB1F90EEA1003F075B /* AWSCognito.framework in Embed Frameworks */,
				D41A9EEF1F90EF0D003F075B /* AWSCognitoIdentityProvider.framework in Embed Frameworks */,
				D41A9EEC1F90EEC9003F075B /* AWSAPIGateway.framework in Embed Frameworks */,
				D41A9EDD1F90EEA1003F075B /* AWSCore.framework in Embed Frameworks */,
				D4CBA4521F97816A002A4365 /* Koloda.framework in Embed Frameworks */,
				D4F9D9AA1F95FCF6003E9BEC /* AWSS3.framework in Embed Frameworks */,
				D4CBA4551F9783AE002A4365 /* pop.framework in Embed Frameworks */,
				D41A9EE51F90EEA1003F075B /* PromiseKit.framework in Embed Frameworks */,
				D41A9EE31F90EEA1003F075B /* ImageRow.framework in Embed Frameworks */,
				D41A9EE11F90EEA1003F075B /* IGListKit.framework in Embed Frameworks */,
				D41A9EE91F90EEA1003F075B /* Whisper.framework in Embed Frameworks */,
				D42791D81F9DEFE8000C58AC /* IGListKit.framework in Embed Frameworks */,
			);
			name = "Embed Frameworks";
			runOnlyForDeploymentPostprocessing = 0;
		};
/* End PBXCopyFilesBuildPhase section */

/* Begin PBXFileReference section */
		D41A9D6A1F90DD92003F075B /* AddProductProtocoll.swift */ = {isa = PBXFileReference; lastKnownFileType = sourcecode.swift; path = AddProductProtocoll.swift; sourceTree = "<group>"; };
		D41A9D6B1F90DD92003F075B /* BasicsViewController.swift */ = {isa = PBXFileReference; lastKnownFileType = sourcecode.swift; path = BasicsViewController.swift; sourceTree = "<group>"; };
		D41A9D6C1F90DD92003F075B /* SizesViewController.swift */ = {isa = PBXFileReference; lastKnownFileType = sourcecode.swift; path = SizesViewController.swift; sourceTree = "<group>"; };
		D41A9D6D1F90DD92003F075B /* QuantitiesViewController.swift */ = {isa = PBXFileReference; lastKnownFileType = sourcecode.swift; path = QuantitiesViewController.swift; sourceTree = "<group>"; };
		D41A9D6E1F90DD92003F075B /* SelectProductCategoryViewController.swift */ = {isa = PBXFileReference; lastKnownFileType = sourcecode.swift; path = SelectProductCategoryViewController.swift; sourceTree = "<group>"; };
		D41A9D6F1F90DD92003F075B /* ColorsViewController.swift */ = {isa = PBXFileReference; lastKnownFileType = sourcecode.swift; path = ColorsViewController.swift; sourceTree = "<group>"; };
		D41A9D721F90E0A7003F075B /* LoadingAnimationProtocol.swift */ = {isa = PBXFileReference; lastKnownFileType = sourcecode.swift; path = LoadingAnimationProtocol.swift; sourceTree = "<group>"; };
		D41A9D741F90E0BF003F075B /* GenderCategoriesSizes.swift */ = {isa = PBXFileReference; lastKnownFileType = sourcecode.swift; path = GenderCategoriesSizes.swift; sourceTree = "<group>"; };
		D41A9D761F90E0C7003F075B /* Tinpon.swift */ = {isa = PBXFileReference; lastKnownFileType = sourcecode.swift; path = Tinpon.swift; sourceTree = "<group>"; };
		D41A9D811F90E2EF003F075B /* Color.swift */ = {isa = PBXFileReference; lastKnownFileType = sourcecode.swift; path = Color.swift; sourceTree = "<group>"; };
		D41A9EBC1F90E6F1003F075B /* SelectCategoryViewController.swift */ = {isa = PBXFileReference; lastKnownFileType = sourcecode.swift; path = SelectCategoryViewController.swift; sourceTree = "<group>"; };
		D41A9EBD1F90E6F1003F075B /* CategoryCell.swift */ = {isa = PBXFileReference; lastKnownFileType = sourcecode.swift; path = CategoryCell.swift; sourceTree = "<group>"; };
		D41A9EBE1F90E6F1003F075B /* CategorySectionController.swift */ = {isa = PBXFileReference; lastKnownFileType = sourcecode.swift; path = CategorySectionController.swift; sourceTree = "<group>"; };
		D41A9EC71F90E7F5003F075B /* FontAndColors.swift */ = {isa = PBXFileReference; lastKnownFileType = sourcecode.swift; path = FontAndColors.swift; sourceTree = "<group>"; };
		D41A9EC91F90E85F003F075B /* Errors.swift */ = {isa = PBXFileReference; lastKnownFileType = sourcecode.swift; path = Errors.swift; sourceTree = "<group>"; };
		D41A9ED21F90EE96003F075B /* AWSCore.framework */ = {isa = PBXFileReference; lastKnownFileType = wrapper.framework; name = AWSCore.framework; path = Carthage/Build/iOS/AWSCore.framework; sourceTree = SOURCE_ROOT; };
		D41A9ED31F90EE96003F075B /* PromiseKit.framework */ = {isa = PBXFileReference; lastKnownFileType = wrapper.framework; name = PromiseKit.framework; path = Carthage/Build/iOS/PromiseKit.framework; sourceTree = SOURCE_ROOT; };
		D41A9ED41F90EE96003F075B /* ImageRow.framework */ = {isa = PBXFileReference; lastKnownFileType = wrapper.framework; name = ImageRow.framework; path = Carthage/Build/iOS/ImageRow.framework; sourceTree = SOURCE_ROOT; };
		D41A9ED51F90EE96003F075B /* AWSCognito.framework */ = {isa = PBXFileReference; lastKnownFileType = wrapper.framework; name = AWSCognito.framework; path = Carthage/Build/iOS/AWSCognito.framework; sourceTree = SOURCE_ROOT; };
		D41A9ED61F90EE96003F075B /* IGListKit.framework */ = {isa = PBXFileReference; lastKnownFileType = wrapper.framework; name = IGListKit.framework; path = Carthage/Build/iOS/IGListKit.framework; sourceTree = SOURCE_ROOT; };
		D41A9ED71F90EE96003F075B /* Whisper.framework */ = {isa = PBXFileReference; lastKnownFileType = wrapper.framework; name = Whisper.framework; path = Carthage/Build/iOS/Whisper.framework; sourceTree = SOURCE_ROOT; };
		D41A9ED81F90EE96003F075B /* Eureka.framework */ = {isa = PBXFileReference; lastKnownFileType = wrapper.framework; name = Eureka.framework; path = Carthage/Build/iOS/Eureka.framework; sourceTree = SOURCE_ROOT; };
		D41A9ED91F90EE97003F075B /* TOCropViewController.framework */ = {isa = PBXFileReference; lastKnownFileType = wrapper.framework; name = TOCropViewController.framework; path = Carthage/Build/iOS/TOCropViewController.framework; sourceTree = SOURCE_ROOT; };
		D41A9EEA1F90EEC4003F075B /* AWSAPIGateway.framework */ = {isa = PBXFileReference; lastKnownFileType = wrapper.framework; name = AWSAPIGateway.framework; path = Carthage/Build/iOS/AWSAPIGateway.framework; sourceTree = SOURCE_ROOT; };
		D41A9EED1F90EF0A003F075B /* AWSCognitoIdentityProvider.framework */ = {isa = PBXFileReference; lastKnownFileType = wrapper.framework; name = AWSCognitoIdentityProvider.framework; path = Carthage/Build/iOS/AWSCognitoIdentityProvider.framework; sourceTree = SOURCE_ROOT; };
		D42791D51F9DEFE3000C58AC /* IGListKit.framework */ = {isa = PBXFileReference; lastKnownFileType = wrapper.framework; name = IGListKit.framework; path = Carthage/Build/iOS/IGListKit.framework; sourceTree = SOURCE_ROOT; };
		D42791D91F9DF124000C58AC /* SearchSectionController.swift */ = {isa = PBXFileReference; fileEncoding = 4; lastKnownFileType = sourcecode.swift; path = SearchSectionController.swift; sourceTree = "<group>"; };
		D42791DB1F9DF16B000C58AC /* SearchCell.swift */ = {isa = PBXFileReference; fileEncoding = 4; lastKnownFileType = sourcecode.swift; path = SearchCell.swift; sourceTree = "<group>"; };
		D42791DD1F9DF188000C58AC /* ProductSectionController.swift */ = {isa = PBXFileReference; fileEncoding = 4; lastKnownFileType = sourcecode.swift; path = ProductSectionController.swift; sourceTree = "<group>"; };
		D42791E11F9DF6B5000C58AC /* ProductCell.xib */ = {isa = PBXFileReference; lastKnownFileType = file.xib; path = ProductCell.xib; sourceTree = "<group>"; };
		D42791E31F9DF8F1000C58AC /* ProductCell.swift */ = {isa = PBXFileReference; lastKnownFileType = sourcecode.swift; path = ProductCell.swift; sourceTree = "<group>"; };
		D43B8CB61F95FBA0002F67A1 /* Images.xcassets */ = {isa = PBXFileReference; lastKnownFileType = folder.assetcatalog; path = Images.xcassets; sourceTree = "<group>"; };
		D45BE0061F9362DD000AD3B5 /* APIRequestSchema.swift */ = {isa = PBXFileReference; lastKnownFileType = sourcecode.swift; path = APIRequestSchema.swift; sourceTree = "<group>"; };
		D45BE0071F9362DD000AD3B5 /* APIResponseSchema.swift */ = {isa = PBXFileReference; lastKnownFileType = sourcecode.swift; path = APIResponseSchema.swift; sourceTree = "<group>"; };
		D45BE0081F9362DD000AD3B5 /* APIWeGoLocoClient.swift */ = {isa = PBXFileReference; lastKnownFileType = sourcecode.swift; path = APIWeGoLocoClient.swift; sourceTree = "<group>"; };
		D45BE0091F9362DD000AD3B5 /* Bridging_Header.h */ = {isa = PBXFileReference; lastKnownFileType = sourcecode.c.h; path = Bridging_Header.h; sourceTree = "<group>"; };
		D45BE00A1F9362DD000AD3B5 /* AWSApiGatewayBridge.h */ = {isa = PBXFileReference; lastKnownFileType = sourcecode.c.h; path = AWSApiGatewayBridge.h; sourceTree = "<group>"; };
		D45BE00E1F93670A000AD3B5 /* API.swift */ = {isa = PBXFileReference; lastKnownFileType = sourcecode.swift; path = API.swift; sourceTree = "<group>"; };
		D4675BB31F8BDB2600784AA4 /* ProfilViewController.swift */ = {isa = PBXFileReference; fileEncoding = 4; lastKnownFileType = sourcecode.swift; path = ProfilViewController.swift; sourceTree = "<group>"; };
		D474F5C71F94F91000B83D0D /* Enum.swift */ = {isa = PBXFileReference; lastKnownFileType = sourcecode.swift; path = Enum.swift; sourceTree = "<group>"; };
		D48ABB9E1F90F4FE002F5983 /* Media.xcassets */ = {isa = PBXFileReference; lastKnownFileType = folder.assetcatalog; path = Media.xcassets; sourceTree = "<group>"; };
		D48ABB9F1F90F4FE002F5983 /* SHViewController.xib */ = {isa = PBXFileReference; lastKnownFileType = file.xib; path = SHViewController.xib; sourceTree = "<group>"; };
		D48ABBA01F90F4FE002F5983 /* SHCollectionViewCell.xib */ = {isa = PBXFileReference; lastKnownFileType = file.xib; path = SHCollectionViewCell.xib; sourceTree = "<group>"; };
		D48ABBA11F90F4FF002F5983 /* SHViewController.swift */ = {isa = PBXFileReference; lastKnownFileType = sourcecode.swift; path = SHViewController.swift; sourceTree = "<group>"; };
		D48ABBA21F90F4FF002F5983 /* SHCollectionViewCell.swift */ = {isa = PBXFileReference; lastKnownFileType = sourcecode.swift; path = SHCollectionViewCell.swift; sourceTree = "<group>"; };
		D48ABBAB1F90FB44002F5983 /* Jameson SS Base.otf */ = {isa = PBXFileReference; lastKnownFileType = file; path = "Jameson SS Base.otf"; sourceTree = "<group>"; };
		D48ABBAC1F90FB44002F5983 /* Jameson SS Base.woff */ = {isa = PBXFileReference; lastKnownFileType = file; path = "Jameson SS Base.woff"; sourceTree = "<group>"; };
		D48ABBAD1F90FB44002F5983 /* Jameson SS Press.otf */ = {isa = PBXFileReference; lastKnownFileType = file; path = "Jameson SS Press.otf"; sourceTree = "<group>"; };
		D48ABBAE1F90FB44002F5983 /* Jameson SS Press.woff */ = {isa = PBXFileReference; lastKnownFileType = file; path = "Jameson SS Press.woff"; sourceTree = "<group>"; };
		D48ABBAF1F90FB44002F5983 /* Jameson SS Rough.otf */ = {isa = PBXFileReference; lastKnownFileType = file; path = "Jameson SS Rough.otf"; sourceTree = "<group>"; };
		D48ABBB01F90FB44002F5983 /* Jameson SS Rough.woff */ = {isa = PBXFileReference; lastKnownFileType = file; path = "Jameson SS Rough.woff"; sourceTree = "<group>"; };
		D48ABBB11F90FB44002F5983 /* Jameson SS Round.otf */ = {isa = PBXFileReference; lastKnownFileType = file; path = "Jameson SS Round.otf"; sourceTree = "<group>"; };
		D48ABBB21F90FB44002F5983 /* Jameson SS Round.woff */ = {isa = PBXFileReference; lastKnownFileType = file; path = "Jameson SS Round.woff"; sourceTree = "<group>"; };
		D48ABBB31F90FB44002F5983 /* Jameson SS Splash.otf */ = {isa = PBXFileReference; lastKnownFileType = file; path = "Jameson SS Splash.otf"; sourceTree = "<group>"; };
		D48ABBB41F90FB44002F5983 /* Jameson SS Splash.woff */ = {isa = PBXFileReference; lastKnownFileType = file; path = "Jameson SS Splash.woff"; sourceTree = "<group>"; };
		D49A5C041F9096F1003A824E /* FederatedIdentities.swift */ = {isa = PBXFileReference; lastKnownFileType = sourcecode.swift; path = FederatedIdentities.swift; sourceTree = "<group>"; };
		D49A5C0A1F909C83003A824E /* ManagerViewController.swift */ = {isa = PBXFileReference; lastKnownFileType = sourcecode.swift; path = ManagerViewController.swift; sourceTree = "<group>"; };
		D49A5C0C1F909CDC003A824E /* TabBarController.swift */ = {isa = PBXFileReference; lastKnownFileType = sourcecode.swift; path = TabBarController.swift; sourceTree = "<group>"; };
		D49A5C0E1F909DED003A824E /* UserPool.swift */ = {isa = PBXFileReference; lastKnownFileType = sourcecode.swift; path = UserPool.swift; sourceTree = "<group>"; };
		D49A5C111F90B8DB003A824E /* User.swift */ = {isa = PBXFileReference; lastKnownFileType = sourcecode.swift; path = User.swift; sourceTree = "<group>"; };
		D4B95CA81F8AA7ED005F5DCA /* WeGoLoco iOS.app */ = {isa = PBXFileReference; explicitFileType = wrapper.application; includeInIndex = 0; path = "WeGoLoco iOS.app"; sourceTree = BUILT_PRODUCTS_DIR; };
		D4B95CAB1F8AA7ED005F5DCA /* AppDelegate.swift */ = {isa = PBXFileReference; lastKnownFileType = sourcecode.swift; path = AppDelegate.swift; sourceTree = "<group>"; };
		D4B95CAD1F8AA7ED005F5DCA /* SignInViewController.swift */ = {isa = PBXFileReference; lastKnownFileType = sourcecode.swift; path = SignInViewController.swift; sourceTree = "<group>"; };
		D4B95CB01F8AA7ED005F5DCA /* Base */ = {isa = PBXFileReference; lastKnownFileType = file.storyboard; name = Base; path = Main.storyboard; sourceTree = "<group>"; };
		D4B95CB51F8AA7ED005F5DCA /* Base */ = {isa = PBXFileReference; lastKnownFileType = file.storyboard; name = Base; path = LaunchScreen.storyboard; sourceTree = "<group>"; };
		D4B95CB71F8AA7ED005F5DCA /* Info.plist */ = {isa = PBXFileReference; lastKnownFileType = text.plist.xml; path = Info.plist; sourceTree = "<group>"; };
		D4CB2C601F8E637D0095BF1F /* SignUpViewController.swift */ = {isa = PBXFileReference; lastKnownFileType = sourcecode.swift; path = SignUpViewController.swift; sourceTree = "<group>"; };
		D4CBA44B1F97806B002A4365 /* BackgroundKolodaAnimator.swift */ = {isa = PBXFileReference; lastKnownFileType = sourcecode.swift; path = BackgroundKolodaAnimator.swift; sourceTree = "<group>"; };
		D4CBA44C1F97806C002A4365 /* CustomKolodaView.swift */ = {isa = PBXFileReference; lastKnownFileType = sourcecode.swift; path = CustomKolodaView.swift; sourceTree = "<group>"; };
		D4CBA44D1F97806C002A4365 /* CustomOverlayView.swift */ = {isa = PBXFileReference; lastKnownFileType = sourcecode.swift; path = CustomOverlayView.swift; sourceTree = "<group>"; };
		D4CBA44E1F97806C002A4365 /* CustomOverlayView.xib */ = {isa = PBXFileReference; lastKnownFileType = file.xib; path = CustomOverlayView.xib; sourceTree = "<group>"; };
		D4CBA44F1F97806C002A4365 /* SwiperViewController.swift */ = {isa = PBXFileReference; lastKnownFileType = sourcecode.swift; path = SwiperViewController.swift; sourceTree = "<group>"; };
		D4CBA4501F978166002A4365 /* Koloda.framework */ = {isa = PBXFileReference; lastKnownFileType = wrapper.framework; name = Koloda.framework; path = Carthage/Build/iOS/Koloda.framework; sourceTree = SOURCE_ROOT; };
		D4CBA4531F9783A8002A4365 /* pop.framework */ = {isa = PBXFileReference; lastKnownFileType = wrapper.framework; name = pop.framework; path = Carthage/Build/iOS/pop.framework; sourceTree = SOURCE_ROOT; };
		D4ECAEE31FA24E47002E581D /* ForgotPasswordEnterEmailViewController.swift */ = {isa = PBXFileReference; lastKnownFileType = sourcecode.swift; path = ForgotPasswordEnterEmailViewController.swift; sourceTree = "<group>"; };
		D4ECAEE51FA24E6F002E581D /* ForgotPasswordPasswordConfirmationViewController.swift */ = {isa = PBXFileReference; lastKnownFileType = sourcecode.swift; path = ForgotPasswordPasswordConfirmationViewController.swift; sourceTree = "<group>"; };
		D4ECAEE71FA27FD9002E581D /* AuthenticationProtocoll.swift */ = {isa = PBXFileReference; lastKnownFileType = sourcecode.swift; path = AuthenticationProtocoll.swift; sourceTree = "<group>"; };
		D4F803A51F8E793700E13FFC /* Iso8601Date.swift */ = {isa = PBXFileReference; lastKnownFileType = sourcecode.swift; path = Iso8601Date.swift; sourceTree = "<group>"; };
		D4F803A71F8E7D8600E13FFC /* EmailConfirmationViewController.swift */ = {isa = PBXFileReference; lastKnownFileType = sourcecode.swift; path = EmailConfirmationViewController.swift; sourceTree = "<group>"; };
		D4F9D9A81F95FCF3003E9BEC /* AWSS3.framework */ = {isa = PBXFileReference; lastKnownFileType = wrapper.framework; name = AWSS3.framework; path = Carthage/Build/iOS/AWSS3.framework; sourceTree = SOURCE_ROOT; };
/* End PBXFileReference section */

/* Begin PBXFrameworksBuildPhase section */
		D4B95CA51F8AA7ED005F5DCA /* Frameworks */ = {
			isa = PBXFrameworksBuildPhase;
			buildActionMask = 2147483647;
			files = (
				D41A9EDE1F90EEA1003F075B /* Eureka.framework in Frameworks */,
				D41A9EE61F90EEA1003F075B /* TOCropViewController.framework in Frameworks */,
				D41A9EDA1F90EEA1003F075B /* AWSCognito.framework in Frameworks */,
				D41A9EEE1F90EF0D003F075B /* AWSCognitoIdentityProvider.framework in Frameworks */,
				D41A9EEB1F90EEC9003F075B /* AWSAPIGateway.framework in Frameworks */,
				D41A9EDC1F90EEA1003F075B /* AWSCore.framework in Frameworks */,
				D4CBA4511F97816A002A4365 /* Koloda.framework in Frameworks */,
				D4F9D9A91F95FCF6003E9BEC /* AWSS3.framework in Frameworks */,
				D4CBA4541F9783AE002A4365 /* pop.framework in Frameworks */,
				D42791D71F9DEFE8000C58AC /* IGListKit.framework in Frameworks */,
				D41A9EE41F90EEA1003F075B /* PromiseKit.framework in Frameworks */,
				D41A9EE21F90EEA1003F075B /* ImageRow.framework in Frameworks */,
				D41A9EE01F90EEA1003F075B /* IGListKit.framework in Frameworks */,
				D41A9EE81F90EEA1003F075B /* Whisper.framework in Frameworks */,
				D42791D61F9DEFE3000C58AC /* IGListKit.framework in Frameworks */,
			);
			runOnlyForDeploymentPostprocessing = 0;
		};
/* End PBXFrameworksBuildPhase section */

/* Begin PBXGroup section */
		D41A9D691F90DD76003F075B /* Add Product */ = {
			isa = PBXGroup;
			children = (
				D41A9D6A1F90DD92003F075B /* AddProductProtocoll.swift */,
				D41A9D6B1F90DD92003F075B /* BasicsViewController.swift */,
				D41A9D6E1F90DD92003F075B /* SelectProductCategoryViewController.swift */,
				D41A9D6C1F90DD92003F075B /* SizesViewController.swift */,
				D41A9D6F1F90DD92003F075B /* ColorsViewController.swift */,
				D41A9D6D1F90DD92003F075B /* QuantitiesViewController.swift */,
			);
			path = "Add Product";
			sourceTree = "<group>";
		};
		D41A9E181F90E366003F075B /* Sharaku */ = {
			isa = PBXGroup;
			children = (
				D48ABB9E1F90F4FE002F5983 /* Media.xcassets */,
				D48ABBA21F90F4FF002F5983 /* SHCollectionViewCell.swift */,
				D48ABBA01F90F4FE002F5983 /* SHCollectionViewCell.xib */,
				D48ABBA11F90F4FF002F5983 /* SHViewController.swift */,
				D48ABB9F1F90F4FE002F5983 /* SHViewController.xib */,
			);
			path = Sharaku;
			sourceTree = "<group>";
		};
		D41A9EB21F90E3D2003F075B /* Special Controller */ = {
			isa = PBXGroup;
			children = (
				D41A9EB31F90E3E6003F075B /* Select Category */,
			);
			path = "Special Controller";
			sourceTree = "<group>";
		};
		D41A9EB31F90E3E6003F075B /* Select Category */ = {
			isa = PBXGroup;
			children = (
				D41A9EBD1F90E6F1003F075B /* CategoryCell.swift */,
				D41A9EBE1F90E6F1003F075B /* CategorySectionController.swift */,
				D41A9EBC1F90E6F1003F075B /* SelectCategoryViewController.swift */,
			);
			path = "Select Category";
			sourceTree = "<group>";
		};
		D47876171F8BBED20079818C /* Supporting Files */ = {
			isa = PBXGroup;
			children = (
				D43B8CB61F95FBA0002F67A1 /* Images.xcassets */,
				D474F5C71F94F91000B83D0D /* Enum.swift */,
				D41A9EC91F90E85F003F075B /* Errors.swift */,
				D41A9EC71F90E7F5003F075B /* FontAndColors.swift */,
				D41A9D721F90E0A7003F075B /* LoadingAnimationProtocol.swift */,
				D4F803A51F8E793700E13FFC /* Iso8601Date.swift */,
				D4B95CDD1F8AA8D9005F5DCA /* Frameworks */,
				D4B95CB41F8AA7ED005F5DCA /* LaunchScreen.storyboard */,
				D4B95CB71F8AA7ED005F5DCA /* Info.plist */,
			);
			path = "Supporting Files";
			sourceTree = "<group>";
		};
		D48ABBA91F90FB2E002F5983 /* Assets */ = {
			isa = PBXGroup;
			children = (
				D48ABBAA1F90FB44002F5983 /* Jameson */,
			);
			path = Assets;
			sourceTree = "<group>";
		};
		D48ABBAA1F90FB44002F5983 /* Jameson */ = {
			isa = PBXGroup;
			children = (
				D48ABBAB1F90FB44002F5983 /* Jameson SS Base.otf */,
				D48ABBAC1F90FB44002F5983 /* Jameson SS Base.woff */,
				D48ABBAD1F90FB44002F5983 /* Jameson SS Press.otf */,
				D48ABBAE1F90FB44002F5983 /* Jameson SS Press.woff */,
				D48ABBAF1F90FB44002F5983 /* Jameson SS Rough.otf */,
				D48ABBB01F90FB44002F5983 /* Jameson SS Rough.woff */,
				D48ABBB11F90FB44002F5983 /* Jameson SS Round.otf */,
				D48ABBB21F90FB44002F5983 /* Jameson SS Round.woff */,
				D48ABBB31F90FB44002F5983 /* Jameson SS Splash.otf */,
				D48ABBB41F90FB44002F5983 /* Jameson SS Splash.woff */,
			);
			path = Jameson;
			sourceTree = "<group>";
		};
		D49A5C081F909C2B003A824E /* Profil */ = {
			isa = PBXGroup;
			children = (
				D4675BB31F8BDB2600784AA4 /* ProfilViewController.swift */,
			);
			path = Profil;
			sourceTree = "<group>";
		};
		D49A5C091F909C62003A824E /* Manager */ = {
			isa = PBXGroup;
			children = (
				D49A5C0A1F909C83003A824E /* ManagerViewController.swift */,
				D42791D91F9DF124000C58AC /* SearchSectionController.swift */,
				D42791DB1F9DF16B000C58AC /* SearchCell.swift */,
				D42791DD1F9DF188000C58AC /* ProductSectionController.swift */,
				D41A9D691F90DD76003F075B /* Add Product */,
				D42791E11F9DF6B5000C58AC /* ProductCell.xib */,
				D42791E31F9DF8F1000C58AC /* ProductCell.swift */,
			);
			path = Manager;
			sourceTree = "<group>";
		};
		D49A5C101F90B8CC003A824E /* API */ = {
			isa = PBXGroup;
			children = (
				D45BE00E1F93670A000AD3B5 /* API.swift */,
				D41A9D761F90E0C7003F075B /* Tinpon.swift */,
				D49A5C111F90B8DB003A824E /* User.swift */,
				D41A9D741F90E0BF003F075B /* GenderCategoriesSizes.swift */,
				D41A9D811F90E2EF003F075B /* Color.swift */,
			);
			path = API;
			sourceTree = "<group>";
		};
		D4B95C9F1F8AA7ED005F5DCA = {
			isa = PBXGroup;
			children = (
				D4B95CAA1F8AA7ED005F5DCA /* WeGoLoco iOS */,
				D4B95CA91F8AA7ED005F5DCA /* Products */,
			);
			sourceTree = "<group>";
		};
		D4B95CA91F8AA7ED005F5DCA /* Products */ = {
			isa = PBXGroup;
			children = (
				D4B95CA81F8AA7ED005F5DCA /* WeGoLoco iOS.app */,
			);
			name = Products;
			sourceTree = "<group>";
		};
		D4B95CAA1F8AA7ED005F5DCA /* WeGoLoco iOS */ = {
			isa = PBXGroup;
			children = (
				D4CBC9851F8CF8D100CA6183 /* AWS */,
				D49A5C101F90B8CC003A824E /* API */,
				D4CB2C621F8E63870095BF1F /* Authentication */,
				D4CBA44A1F97802D002A4365 /* Swiper */,
				D49A5C091F909C62003A824E /* Manager */,
				D49A5C081F909C2B003A824E /* Profil */,
				D4B95CAB1F8AA7ED005F5DCA /* AppDelegate.swift */,
				D4B95CAF1F8AA7ED005F5DCA /* Main.storyboard */,
				D47876171F8BBED20079818C /* Supporting Files */,
				D41A9EB21F90E3D2003F075B /* Special Controller */,
			);
			path = "WeGoLoco iOS";
			sourceTree = "<group>";
		};
		D4B95CDD1F8AA8D9005F5DCA /* Frameworks */ = {
			isa = PBXGroup;
			children = (
				D42791D51F9DEFE3000C58AC /* IGListKit.framework */,
				D4CBA4531F9783A8002A4365 /* pop.framework */,
				D4CBA4501F978166002A4365 /* Koloda.framework */,
				D48ABBA91F90FB2E002F5983 /* Assets */,
				D41A9EED1F90EF0A003F075B /* AWSCognitoIdentityProvider.framework */,
				D41A9EEA1F90EEC4003F075B /* AWSAPIGateway.framework */,
				D4F9D9A81F95FCF3003E9BEC /* AWSS3.framework */,
				D41A9ED51F90EE96003F075B /* AWSCognito.framework */,
				D41A9ED21F90EE96003F075B /* AWSCore.framework */,
				D41A9ED81F90EE96003F075B /* Eureka.framework */,
				D41A9ED61F90EE96003F075B /* IGListKit.framework */,
				D41A9ED41F90EE96003F075B /* ImageRow.framework */,
				D41A9ED31F90EE96003F075B /* PromiseKit.framework */,
				D41A9ED91F90EE97003F075B /* TOCropViewController.framework */,
				D41A9ED71F90EE96003F075B /* Whisper.framework */,
				D41A9E181F90E366003F075B /* Sharaku */,
			);
			path = Frameworks;
			sourceTree = "<group>";
		};
		D4CB2C621F8E63870095BF1F /* Authentication */ = {
			isa = PBXGroup;
			children = (
				D4B95CAD1F8AA7ED005F5DCA /* SignInViewController.swift */,
				D49A5C0C1F909CDC003A824E /* TabBarController.swift */,
				D4ECAEE21FA24E05002E581D /* Forgot Password */,
				D4CB2C601F8E637D0095BF1F /* SignUpViewController.swift */,
				D4F803A71F8E7D8600E13FFC /* EmailConfirmationViewController.swift */,
				D49A5C041F9096F1003A824E /* FederatedIdentities.swift */,
				D49A5C0E1F909DED003A824E /* UserPool.swift */,
				D4ECAEE71FA27FD9002E581D /* AuthenticationProtocoll.swift */,
			);
			path = Authentication;
			sourceTree = "<group>";
		};
		D4CBA44A1F97802D002A4365 /* Swiper */ = {
			isa = PBXGroup;
			children = (
				D4CBA44F1F97806C002A4365 /* SwiperViewController.swift */,
				D4CBA44B1F97806B002A4365 /* BackgroundKolodaAnimator.swift */,
				D4CBA44C1F97806C002A4365 /* CustomKolodaView.swift */,
				D4CBA44D1F97806C002A4365 /* CustomOverlayView.swift */,
				D4CBA44E1F97806C002A4365 /* CustomOverlayView.xib */,
			);
			path = Swiper;
			sourceTree = "<group>";
		};
		D4CBC9851F8CF8D100CA6183 /* AWS */ = {
			isa = PBXGroup;
			children = (
				D4CBC9861F8CF8EC00CA6183 /* API Gateway */,
			);
			path = AWS;
			sourceTree = "<group>";
		};
		D4CBC9861F8CF8EC00CA6183 /* API Gateway */ = {
			isa = PBXGroup;
			children = (
				D45BE0061F9362DD000AD3B5 /* APIRequestSchema.swift */,
				D45BE0071F9362DD000AD3B5 /* APIResponseSchema.swift */,
				D45BE0081F9362DD000AD3B5 /* APIWeGoLocoClient.swift */,
				D45BE00A1F9362DD000AD3B5 /* AWSApiGatewayBridge.h */,
				D45BE0091F9362DD000AD3B5 /* Bridging_Header.h */,
			);
			path = "API Gateway";
			sourceTree = "<group>";
		};
		D4ECAEE21FA24E05002E581D /* Forgot Password */ = {
			isa = PBXGroup;
			children = (
				D4ECAEE31FA24E47002E581D /* ForgotPasswordEnterEmailViewController.swift */,
				D4ECAEE51FA24E6F002E581D /* ForgotPasswordPasswordConfirmationViewController.swift */,
			);
			path = "Forgot Password";
			sourceTree = "<group>";
		};
/* End PBXGroup section */

/* Begin PBXNativeTarget section */
		D4B95CA71F8AA7ED005F5DCA /* WeGoLoco iOS */ = {
			isa = PBXNativeTarget;
			buildConfigurationList = D4B95CD01F8AA7ED005F5DCA /* Build configuration list for PBXNativeTarget "WeGoLoco iOS" */;
			buildPhases = (
				D4B95CA41F8AA7ED005F5DCA /* Sources */,
				D4B95CA51F8AA7ED005F5DCA /* Frameworks */,
				D4B95CA61F8AA7ED005F5DCA /* Resources */,
				D4B95CDC1F8AA8C5005F5DCA /* Embed Frameworks */,
				D4B95CDE1F8AA90D005F5DCA /* ShellScript */,
			);
			buildRules = (
			);
			dependencies = (
			);
			name = "WeGoLoco iOS";
			productName = "AWS Mobile SDK";
			productReference = D4B95CA81F8AA7ED005F5DCA /* WeGoLoco iOS.app */;
			productType = "com.apple.product-type.application";
		};
/* End PBXNativeTarget section */

/* Begin PBXProject section */
		D4B95CA01F8AA7ED005F5DCA /* Project object */ = {
			isa = PBXProject;
			attributes = {
				LastSwiftUpdateCheck = 0830;
				LastUpgradeCheck = 0900;
				ORGANIZATIONNAME = "Dirk Hornung";
				TargetAttributes = {
					D4B95CA71F8AA7ED005F5DCA = {
						CreatedOnToolsVersion = 8.3.3;
						DevelopmentTeam = 92GPW8PJ56;
						LastSwiftMigration = 0900;
						ProvisioningStyle = Automatic;
					};
				};
			};
			buildConfigurationList = D4B95CA31F8AA7ED005F5DCA /* Build configuration list for PBXProject "WeGoLoco iOS" */;
			compatibilityVersion = "Xcode 3.2";
			developmentRegion = English;
			hasScannedForEncodings = 0;
			knownRegions = (
				en,
				Base,
				es,
			);
			mainGroup = D4B95C9F1F8AA7ED005F5DCA;
			productRefGroup = D4B95CA91F8AA7ED005F5DCA /* Products */;
			projectDirPath = "";
			projectRoot = "";
			targets = (
				D4B95CA71F8AA7ED005F5DCA /* WeGoLoco iOS */,
			);
		};
/* End PBXProject section */

/* Begin PBXResourcesBuildPhase section */
		D4B95CA61F8AA7ED005F5DCA /* Resources */ = {
			isa = PBXResourcesBuildPhase;
			buildActionMask = 2147483647;
			files = (
				D48ABBA61F90F52D002F5983 /* SHViewController.xib in Resources */,
				D42791E21F9DF6B5000C58AC /* ProductCell.xib in Resources */,
				D43B8CB71F95FBA0002F67A1 /* Images.xcassets in Resources */,
				D4B95CB61F8AA7ED005F5DCA /* LaunchScreen.storyboard in Resources */,
				D4B95CB11F8AA7ED005F5DCA /* Main.storyboard in Resources */,
				D48ABBA71F90F530002F5983 /* Media.xcassets in Resources */,
				D48ABBA41F90F52D002F5983 /* SHCollectionViewCell.xib in Resources */,
				D48ABBBF1F90FCB2002F5983 /* Jameson SS Round.otf in Resources */,
				D48ABBA81F90F82F002F5983 /* Info.plist in Resources */,
				D4CBA45A1F978405002A4365 /* CustomOverlayView.xib in Resources */,
			);
			runOnlyForDeploymentPostprocessing = 0;
		};
/* End PBXResourcesBuildPhase section */

/* Begin PBXShellScriptBuildPhase section */
		D4B95CDE1F8AA90D005F5DCA /* ShellScript */ = {
			isa = PBXShellScriptBuildPhase;
			buildActionMask = 2147483647;
			files = (
			);
			inputPaths = (
			);
			outputPaths = (
			);
			runOnlyForDeploymentPostprocessing = 0;
			shellPath = /bin/sh;
			shellScript = "bash \"${BUILT_PRODUCTS_DIR}/${FRAMEWORKS_FOLDER_PATH}/AWSCore.framework/strip-frameworks.sh\"";
		};
/* End PBXShellScriptBuildPhase section */

/* Begin PBXSourcesBuildPhase section */
		D4B95CA41F8AA7ED005F5DCA /* Sources */ = {
			isa = PBXSourcesBuildPhase;
			buildActionMask = 2147483647;
			files = (
				D41A9D711F90DF9C003F075B /* AddProductProtocoll.swift in Sources */,
				D41A9EC61F90E7B2003F075B /* QuantitiesViewController.swift in Sources */,
				D41A9D751F90E0BF003F075B /* GenderCategoriesSizes.swift in Sources */,
				D41A9D821F90E2EF003F075B /* Color.swift in Sources */,
				D41A9ECA1F90E85F003F075B /* Errors.swift in Sources */,
				D49A5C0F1F909DED003A824E /* UserPool.swift in Sources */,
				D41A9D771F90E0C7003F075B /* Tinpon.swift in Sources */,
				D49A5C0B1F909C83003A824E /* ManagerViewController.swift in Sources */,
				D45BE00D1F9362E3000AD3B5 /* APIWeGoLocoClient.swift in Sources */,
				D4CBA4591F9783FF002A4365 /* CustomOverlayView.swift in Sources */,
				D4ECAEE41FA24E47002E581D /* ForgotPasswordEnterEmailViewController.swift in Sources */,
				D45BE00B1F9362E3000AD3B5 /* APIRequestSchema.swift in Sources */,
				D49A5C0D1F909CDC003A824E /* TabBarController.swift in Sources */,
				D4675BB41F8BDB2600784AA4 /* ProfilViewController.swift in Sources */,
				D42791DC1F9DF16B000C58AC /* SearchCell.swift in Sources */,
				D4F803A61F8E793700E13FFC /* Iso8601Date.swift in Sources */,
				D48ABBA51F90F52D002F5983 /* SHViewController.swift in Sources */,
				D4CBA4561F9783F8002A4365 /* SwiperViewController.swift in Sources */,
				D4CBA4571F9783FA002A4365 /* BackgroundKolodaAnimator.swift in Sources */,
				D4CB2C611F8E637D0095BF1F /* SignUpViewController.swift in Sources */,
				D4ECAEE81FA27FD9002E581D /* AuthenticationProtocoll.swift in Sources */,
				D41A9EC31F90E79F003F075B /* SelectProductCategoryViewController.swift in Sources */,
				D41A9EC01F90E700003F075B /* CategoryCell.swift in Sources */,
				D41A9EC41F90E7AA003F075B /* SizesViewController.swift in Sources */,
				D4B95CAE1F8AA7ED005F5DCA /* SignInViewController.swift in Sources */,
				D49A5C121F90B8DB003A824E /* User.swift in Sources */,
				D42791DA1F9DF124000C58AC /* SearchSectionController.swift in Sources */,
				D41A9D701F90DF99003F075B /* BasicsViewController.swift in Sources */,
				D41A9EC21F90E700003F075B /* SelectCategoryViewController.swift in Sources */,
				D41A9D731F90E0A7003F075B /* LoadingAnimationProtocol.swift in Sources */,
				D41A9EC81F90E7F5003F075B /* FontAndColors.swift in Sources */,
				D49A5C051F9096F1003A824E /* FederatedIdentities.swift in Sources */,
				D41A9EC11F90E700003F075B /* CategorySectionController.swift in Sources */,
				D474F5C81F94F91000B83D0D /* Enum.swift in Sources */,
				D42791E41F9DF8F1000C58AC /* ProductCell.swift in Sources */,
				D42791DE1F9DF188000C58AC /* ProductSectionController.swift in Sources */,
				D41A9EC51F90E7B0003F075B /* ColorsViewController.swift in Sources */,
				D45BE00C1F9362E3000AD3B5 /* APIResponseSchema.swift in Sources */,
				D4F803A81F8E7D8600E13FFC /* EmailConfirmationViewController.swift in Sources */,
				D4B95CAC1F8AA7ED005F5DCA /* AppDelegate.swift in Sources */,
				D4CBA4581F9783FC002A4365 /* CustomKolodaView.swift in Sources */,
				D45BE00F1F93670A000AD3B5 /* API.swift in Sources */,
				D4ECAEE61FA24E6F002E581D /* ForgotPasswordPasswordConfirmationViewController.swift in Sources */,
				D48ABBA31F90F52D002F5983 /* SHCollectionViewCell.swift in Sources */,
			);
			runOnlyForDeploymentPostprocessing = 0;
		};
/* End PBXSourcesBuildPhase section */

/* Begin PBXVariantGroup section */
		D4B95CAF1F8AA7ED005F5DCA /* Main.storyboard */ = {
			isa = PBXVariantGroup;
			children = (
				D4B95CB01F8AA7ED005F5DCA /* Base */,
			);
			name = Main.storyboard;
			sourceTree = "<group>";
		};
		D4B95CB41F8AA7ED005F5DCA /* LaunchScreen.storyboard */ = {
			isa = PBXVariantGroup;
			children = (
				D4B95CB51F8AA7ED005F5DCA /* Base */,
			);
			name = LaunchScreen.storyboard;
			sourceTree = "<group>";
		};
/* End PBXVariantGroup section */

/* Begin XCBuildConfiguration section */
		D4B95CCE1F8AA7ED005F5DCA /* Debug */ = {
			isa = XCBuildConfiguration;
			buildSettings = {
				ALWAYS_SEARCH_USER_PATHS = NO;
				CLANG_ANALYZER_NONNULL = YES;
				CLANG_ANALYZER_NUMBER_OBJECT_CONVERSION = YES_AGGRESSIVE;
				CLANG_CXX_LANGUAGE_STANDARD = "gnu++0x";
				CLANG_CXX_LIBRARY = "libc++";
				CLANG_ENABLE_MODULES = YES;
				CLANG_ENABLE_OBJC_ARC = YES;
				CLANG_WARN_BLOCK_CAPTURE_AUTORELEASING = YES;
				CLANG_WARN_BOOL_CONVERSION = YES;
				CLANG_WARN_COMMA = YES;
				CLANG_WARN_CONSTANT_CONVERSION = YES;
				CLANG_WARN_DIRECT_OBJC_ISA_USAGE = YES_ERROR;
				CLANG_WARN_DOCUMENTATION_COMMENTS = YES;
				CLANG_WARN_EMPTY_BODY = YES;
				CLANG_WARN_ENUM_CONVERSION = YES;
				CLANG_WARN_INFINITE_RECURSION = YES;
				CLANG_WARN_INT_CONVERSION = YES;
				CLANG_WARN_NON_LITERAL_NULL_CONVERSION = YES;
				CLANG_WARN_OBJC_LITERAL_CONVERSION = YES;
				CLANG_WARN_OBJC_ROOT_CLASS = YES_ERROR;
				CLANG_WARN_RANGE_LOOP_ANALYSIS = YES;
				CLANG_WARN_STRICT_PROTOTYPES = YES;
				CLANG_WARN_SUSPICIOUS_MOVE = YES;
				CLANG_WARN_UNREACHABLE_CODE = YES;
				CLANG_WARN__DUPLICATE_METHOD_MATCH = YES;
				"CODE_SIGN_IDENTITY[sdk=iphoneos*]" = "iPhone Developer";
				COPY_PHASE_STRIP = NO;
				DEBUG_INFORMATION_FORMAT = dwarf;
				ENABLE_STRICT_OBJC_MSGSEND = YES;
				ENABLE_TESTABILITY = YES;
				GCC_C_LANGUAGE_STANDARD = gnu99;
				GCC_DYNAMIC_NO_PIC = NO;
				GCC_NO_COMMON_BLOCKS = YES;
				GCC_OPTIMIZATION_LEVEL = 0;
				GCC_PREPROCESSOR_DEFINITIONS = (
					"DEBUG=1",
					"$(inherited)",
				);
				GCC_WARN_64_TO_32_BIT_CONVERSION = YES;
				GCC_WARN_ABOUT_RETURN_TYPE = YES_ERROR;
				GCC_WARN_UNDECLARED_SELECTOR = YES;
				GCC_WARN_UNINITIALIZED_AUTOS = YES_AGGRESSIVE;
				GCC_WARN_UNUSED_FUNCTION = YES;
				GCC_WARN_UNUSED_VARIABLE = YES;
				IPHONEOS_DEPLOYMENT_TARGET = 10.3;
				MTL_ENABLE_DEBUG_INFO = YES;
				ONLY_ACTIVE_ARCH = YES;
				SDKROOT = iphoneos;
				SWIFT_ACTIVE_COMPILATION_CONDITIONS = DEBUG;
				SWIFT_OPTIMIZATION_LEVEL = "-Onone";
				TARGETED_DEVICE_FAMILY = "1,2";
			};
			name = Debug;
		};
		D4B95CCF1F8AA7ED005F5DCA /* Release */ = {
			isa = XCBuildConfiguration;
			buildSettings = {
				ALWAYS_SEARCH_USER_PATHS = NO;
				CLANG_ANALYZER_NONNULL = YES;
				CLANG_ANALYZER_NUMBER_OBJECT_CONVERSION = YES_AGGRESSIVE;
				CLANG_CXX_LANGUAGE_STANDARD = "gnu++0x";
				CLANG_CXX_LIBRARY = "libc++";
				CLANG_ENABLE_MODULES = YES;
				CLANG_ENABLE_OBJC_ARC = YES;
				CLANG_WARN_BLOCK_CAPTURE_AUTORELEASING = YES;
				CLANG_WARN_BOOL_CONVERSION = YES;
				CLANG_WARN_COMMA = YES;
				CLANG_WARN_CONSTANT_CONVERSION = YES;
				CLANG_WARN_DIRECT_OBJC_ISA_USAGE = YES_ERROR;
				CLANG_WARN_DOCUMENTATION_COMMENTS = YES;
				CLANG_WARN_EMPTY_BODY = YES;
				CLANG_WARN_ENUM_CONVERSION = YES;
				CLANG_WARN_INFINITE_RECURSION = YES;
				CLANG_WARN_INT_CONVERSION = YES;
				CLANG_WARN_NON_LITERAL_NULL_CONVERSION = YES;
				CLANG_WARN_OBJC_LITERAL_CONVERSION = YES;
				CLANG_WARN_OBJC_ROOT_CLASS = YES_ERROR;
				CLANG_WARN_RANGE_LOOP_ANALYSIS = YES;
				CLANG_WARN_STRICT_PROTOTYPES = YES;
				CLANG_WARN_SUSPICIOUS_MOVE = YES;
				CLANG_WARN_UNREACHABLE_CODE = YES;
				CLANG_WARN__DUPLICATE_METHOD_MATCH = YES;
				"CODE_SIGN_IDENTITY[sdk=iphoneos*]" = "iPhone Developer";
				COPY_PHASE_STRIP = NO;
				DEBUG_INFORMATION_FORMAT = "dwarf-with-dsym";
				ENABLE_NS_ASSERTIONS = NO;
				ENABLE_STRICT_OBJC_MSGSEND = YES;
				GCC_C_LANGUAGE_STANDARD = gnu99;
				GCC_NO_COMMON_BLOCKS = YES;
				GCC_WARN_64_TO_32_BIT_CONVERSION = YES;
				GCC_WARN_ABOUT_RETURN_TYPE = YES_ERROR;
				GCC_WARN_UNDECLARED_SELECTOR = YES;
				GCC_WARN_UNINITIALIZED_AUTOS = YES_AGGRESSIVE;
				GCC_WARN_UNUSED_FUNCTION = YES;
				GCC_WARN_UNUSED_VARIABLE = YES;
				IPHONEOS_DEPLOYMENT_TARGET = 10.3;
				MTL_ENABLE_DEBUG_INFO = NO;
				SDKROOT = iphoneos;
				SWIFT_OPTIMIZATION_LEVEL = "-Owholemodule";
				TARGETED_DEVICE_FAMILY = "1,2";
				VALIDATE_PRODUCT = YES;
			};
			name = Release;
		};
		D4B95CD11F8AA7ED005F5DCA /* Debug */ = {
			isa = XCBuildConfiguration;
			buildSettings = {
				ASSETCATALOG_COMPILER_APPICON_NAME = AppIcon;
				DEVELOPMENT_TEAM = 92GPW8PJ56;
				FRAMEWORK_SEARCH_PATHS = (
					"$(inherited)",
					"$(PROJECT_DIR)/Carthage/Build/iOS",
				);
				INFOPLIST_FILE = "WeGoLoco iOS/Supporting Files/Info.plist";
				IPHONEOS_DEPLOYMENT_TARGET = 11.0;
				LD_RUNPATH_SEARCH_PATHS = "$(inherited) @executable_path/Frameworks";
				PRODUCT_BUNDLE_IDENTIFIER = "DirkHornung.AWS-Mobile-SDK";
				PRODUCT_NAME = "$(TARGET_NAME)";
				SWIFT_OBJC_BRIDGING_HEADER = "WeGoLoco iOS/AWS/API Gateway/Bridging_Header.h";
				SWIFT_SWIFT3_OBJC_INFERENCE = Default;
				SWIFT_VERSION = 4.0;
			};
			name = Debug;
		};
		D4B95CD21F8AA7ED005F5DCA /* Release */ = {
			isa = XCBuildConfiguration;
			buildSettings = {
				ASSETCATALOG_COMPILER_APPICON_NAME = AppIcon;
				DEVELOPMENT_TEAM = 92GPW8PJ56;
				FRAMEWORK_SEARCH_PATHS = (
					"$(inherited)",
					"$(PROJECT_DIR)/Carthage/Build/iOS",
				);
				INFOPLIST_FILE = "WeGoLoco iOS/Supporting Files/Info.plist";
				IPHONEOS_DEPLOYMENT_TARGET = 11.0;
				LD_RUNPATH_SEARCH_PATHS = "$(inherited) @executable_path/Frameworks";
				PRODUCT_BUNDLE_IDENTIFIER = "DirkHornung.AWS-Mobile-SDK";
				PRODUCT_NAME = "$(TARGET_NAME)";
				SWIFT_OBJC_BRIDGING_HEADER = "WeGoLoco iOS/AWS/API Gateway/Bridging_Header.h";
				SWIFT_SWIFT3_OBJC_INFERENCE = Default;
				SWIFT_VERSION = 4.0;
			};
			name = Release;
		};
/* End XCBuildConfiguration section */

/* Begin XCConfigurationList section */
		D4B95CA31F8AA7ED005F5DCA /* Build configuration list for PBXProject "WeGoLoco iOS" */ = {
			isa = XCConfigurationList;
			buildConfigurations = (
				D4B95CCE1F8AA7ED005F5DCA /* Debug */,
				D4B95CCF1F8AA7ED005F5DCA /* Release */,
			);
			defaultConfigurationIsVisible = 0;
			defaultConfigurationName = Release;
		};
		D4B95CD01F8AA7ED005F5DCA /* Build configuration list for PBXNativeTarget "WeGoLoco iOS" */ = {
			isa = XCConfigurationList;
			buildConfigurations = (
				D4B95CD11F8AA7ED005F5DCA /* Debug */,
				D4B95CD21F8AA7ED005F5DCA /* Release */,
			);
			defaultConfigurationIsVisible = 0;
			defaultConfigurationName = Release;
		};
/* End XCConfigurationList section */
	};
	rootObject = D4B95CA01F8AA7ED005F5DCA /* Project object */;
}
